
Microsoft Visual Studio Solution File, Format Version 12.00
# Visual Studio Version 16
VisualStudioVersion = 16.0.28803.202
MinimumVisualStudioVersion = 10.0.40219.1
Project("{2150E333-8FDC-42A3-9474-1A3956D46DE8}") = "Framework", "Framework", "{5517A8A3-B33E-4D76-8115-CE107C5C3A3D}"
EndProject
Project("{9A19103F-16F7-4668-BE54-9A1E7A4F7556}") = "Framework.Application", "1-Framework\Framework.Application\Framework.Application.csproj", "{A4FF9D7B-6D2E-4202-A455-BF2834A2CA9F}"
EndProject
Project("{9A19103F-16F7-4668-BE54-9A1E7A4F7556}") = "Framework.Application.Config", "1-Framework\Framework.Application.Config\Framework.Application.Config.csproj", "{2EE96A5C-3464-4B40-B767-AE9F2354CB1C}"
EndProject
Project("{9A19103F-16F7-4668-BE54-9A1E7A4F7556}") = "Framework.Data.EF", "1-Framework\Framework.Data.EF\Framework.Data.EF.csproj", "{17D8D8E9-FE2F-40BF-81AA-CCD020CFC6E1}"
EndProject
Project("{9A19103F-16F7-4668-BE54-9A1E7A4F7556}") = "Framework.Domain", "1-Framework\Framework.Domain\Framework.Domain.csproj", "{0B81797B-9A48-44D2-9046-557C6C43BFAA}"
EndProject
Project("{9A19103F-16F7-4668-BE54-9A1E7A4F7556}") = "Framework.Messaging.NSB", "1-Framework\Framework.Messaging.NSB\Framework.Messaging.NSB.csproj", "{B61867F4-9629-49AC-AA09-CD9B0D45D93F}"
EndProject
Project("{9A19103F-16F7-4668-BE54-9A1E7A4F7556}") = "Framework.Validation", "1-Framework\Framework.Validation\Framework.Validation.csproj", "{6EF8D8F9-4D35-4F1C-ADAC-1C37F2166133}"
EndProject
Project("{9A19103F-16F7-4668-BE54-9A1E7A4F7556}") = "Framework.Data", "1-Framework\Framework.Data\Framework.Data.csproj", "{92E2392E-5921-4852-B667-9989A5AC7497}"
EndProject
Project("{2150E333-8FDC-42A3-9474-1A3956D46DE8}") = "Project", "Project", "{A1461315-C152-4461-9339-EA993FCF0F22}"
EndProject
Project("{2150E333-8FDC-42A3-9474-1A3956D46DE8}") = "1-App", "1-App", "{27E9EE09-87AF-44A5-84B7-21E16B3A7C32}"
EndProject
Project("{9A19103F-16F7-4668-BE54-9A1E7A4F7556}") = "AppService", "Project\1-App\AppService\AppService.csproj", "{31D26EE3-820E-4FAA-ABC3-12E1B9C28A1A}"
EndProject
Project("{9A19103F-16F7-4668-BE54-9A1E7A4F7556}") = "AppService.Config", "Project\1-App\AppService.Config\AppService.Config.csproj", "{D70BA129-6261-4B85-937A-7E7BC4CB8A48}"
EndProject
Project("{9A19103F-16F7-4668-BE54-9A1E7A4F7556}") = "AppService.Contracts", "Project\1-App\AppService.Contracts\AppService.Contracts.csproj", "{3D39C89A-EB3A-43C4-9412-C26F42A6E52D}"
EndProject
Project("{9A19103F-16F7-4668-BE54-9A1E7A4F7556}") = "AppService.Test", "Project\1-App\AppService.Test\AppService.Test.csproj", "{4879ED1E-9FEA-4FC4-BDD8-3C02BDF5D5B1}"
EndProject
Project("{2150E333-8FDC-42A3-9474-1A3956D46DE8}") = "2-Domain", "2-Domain", "{524BA7E7-B6E5-48F7-943B-C7B66A36A653}"
EndProject
Project("{2150E333-8FDC-42A3-9474-1A3956D46DE8}") = "3-Infra", "3-Infra", "{B22BA0F5-9575-4878-8B06-B9E1DED63A63}"
EndProject
Project("{9A19103F-16F7-4668-BE54-9A1E7A4F7556}") = "Sale.Domain", "Project\1-Domain\Sale.Domain\Sale.Domain.csproj", "{5BE3C7B3-B0C3-4EBF-811F-32D3921400EB}"
EndProject
Project("{9A19103F-16F7-4668-BE54-9A1E7A4F7556}") = "Sale.Domain.Contracts", "Project\1-Domain\Sale.Domain.Contracts\Sale.Domain.Contracts.csproj", "{83A89250-642B-43EF-8150-85FFD5F3AECC}"
EndProject
Project("{9A19103F-16F7-4668-BE54-9A1E7A4F7556}") = "Sale.Domain.Query", "Project\1-Domain\Sale.Domain.Query\Sale.Domain.Query.csproj", "{8A1958F3-5C7B-4052-AC76-CAE30FF82D28}"
EndProject
Project("{FAE04EC0-301F-11D3-BF4B-00C04F79EFBC}") = "Sale.Infra.Migrations", "Project\3-Infra\Sale.Infra.Migrations\Sale.Infra.Migrations.csproj", "{D4870911-2DF7-4636-AAB9-BA27870D2838}"
EndProject
Project("{FAE04EC0-301F-11D3-BF4B-00C04F79EFBC}") = "Sale.Infra.Persistance.EF", "Project\3-Infra\Sale.Infra.Persistance.EF\Sale.Infra.Persistance.EF.csproj", "{280AD623-A4C2-4688-874F-7DCCE217B59A}"
EndProject
Project("{FAE04EC0-301F-11D3-BF4B-00C04F79EFBC}") = "App.Service.Distributor", "Project\1-App\App.Service.Distributor\App.Service.Distributor\App.Service.Distributor.csproj", "{576C1D11-49BA-4467-8BC4-E85DD882F4F9}"
EndProject
Global
	GlobalSection(SolutionConfigurationPlatforms) = preSolution
		Debug|Any CPU = Debug|Any CPU
		Release|Any CPU = Release|Any CPU
	EndGlobalSection
	GlobalSection(ProjectConfigurationPlatforms) = postSolution
		{A4FF9D7B-6D2E-4202-A455-BF2834A2CA9F}.Debug|Any CPU.ActiveCfg = Debug|Any CPU
		{A4FF9D7B-6D2E-4202-A455-BF2834A2CA9F}.Debug|Any CPU.Build.0 = Debug|Any CPU
		{A4FF9D7B-6D2E-4202-A455-BF2834A2CA9F}.Release|Any CPU.ActiveCfg = Release|Any CPU
		{A4FF9D7B-6D2E-4202-A455-BF2834A2CA9F}.Release|Any CPU.Build.0 = Release|Any CPU
		{2EE96A5C-3464-4B40-B767-AE9F2354CB1C}.Debug|Any CPU.ActiveCfg = Debug|Any CPU
		{2EE96A5C-3464-4B40-B767-AE9F2354CB1C}.Debug|Any CPU.Build.0 = Debug|Any CPU
		{2EE96A5C-3464-4B40-B767-AE9F2354CB1C}.Release|Any CPU.ActiveCfg = Release|Any CPU
		{2EE96A5C-3464-4B40-B767-AE9F2354CB1C}.Release|Any CPU.Build.0 = Release|Any CPU
		{17D8D8E9-FE2F-40BF-81AA-CCD020CFC6E1}.Debug|Any CPU.ActiveCfg = Debug|Any CPU
		{17D8D8E9-FE2F-40BF-81AA-CCD020CFC6E1}.Debug|Any CPU.Build.0 = Debug|Any CPU
		{17D8D8E9-FE2F-40BF-81AA-CCD020CFC6E1}.Release|Any CPU.ActiveCfg = Release|Any CPU
		{17D8D8E9-FE2F-40BF-81AA-CCD020CFC6E1}.Release|Any CPU.Build.0 = Release|Any CPU
		{0B81797B-9A48-44D2-9046-557C6C43BFAA}.Debug|Any CPU.ActiveCfg = Debug|Any CPU
		{0B81797B-9A48-44D2-9046-557C6C43BFAA}.Debug|Any CPU.Build.0 = Debug|Any CPU
		{0B81797B-9A48-44D2-9046-557C6C43BFAA}.Release|Any CPU.ActiveCfg = Release|Any CPU
		{0B81797B-9A48-44D2-9046-557C6C43BFAA}.Release|Any CPU.Build.0 = Release|Any CPU
		{B61867F4-9629-49AC-AA09-CD9B0D45D93F}.Debug|Any CPU.ActiveCfg = Debug|Any CPU
		{B61867F4-9629-49AC-AA09-CD9B0D45D93F}.Debug|Any CPU.Build.0 = Debug|Any CPU
		{B61867F4-9629-49AC-AA09-CD9B0D45D93F}.Release|Any CPU.ActiveCfg = Release|Any CPU
		{B61867F4-9629-49AC-AA09-CD9B0D45D93F}.Release|Any CPU.Build.0 = Release|Any CPU
		{6EF8D8F9-4D35-4F1C-ADAC-1C37F2166133}.Debug|Any CPU.ActiveCfg = Debug|Any CPU
		{6EF8D8F9-4D35-4F1C-ADAC-1C37F2166133}.Debug|Any CPU.Build.0 = Debug|Any CPU
		{6EF8D8F9-4D35-4F1C-ADAC-1C37F2166133}.Release|Any CPU.ActiveCfg = Release|Any CPU
		{6EF8D8F9-4D35-4F1C-ADAC-1C37F2166133}.Release|Any CPU.Build.0 = Release|Any CPU
		{92E2392E-5921-4852-B667-9989A5AC7497}.Debug|Any CPU.ActiveCfg = Debug|Any CPU
		{92E2392E-5921-4852-B667-9989A5AC7497}.Debug|Any CPU.Build.0 = Debug|Any CPU
		{92E2392E-5921-4852-B667-9989A5AC7497}.Release|Any CPU.ActiveCfg = Release|Any CPU
		{92E2392E-5921-4852-B667-9989A5AC7497}.Release|Any CPU.Build.0 = Release|Any CPU
		{31D26EE3-820E-4FAA-ABC3-12E1B9C28A1A}.Debug|Any CPU.ActiveCfg = Debug|Any CPU
		{31D26EE3-820E-4FAA-ABC3-12E1B9C28A1A}.Debug|Any CPU.Build.0 = Debug|Any CPU
		{31D26EE3-820E-4FAA-ABC3-12E1B9C28A1A}.Release|Any CPU.ActiveCfg = Release|Any CPU
		{31D26EE3-820E-4FAA-ABC3-12E1B9C28A1A}.Release|Any CPU.Build.0 = Release|Any CPU
		{D70BA129-6261-4B85-937A-7E7BC4CB8A48}.Debug|Any CPU.ActiveCfg = Debug|Any CPU
		{D70BA129-6261-4B85-937A-7E7BC4CB8A48}.Debug|Any CPU.Build.0 = Debug|Any CPU
		{D70BA129-6261-4B85-937A-7E7BC4CB8A48}.Release|Any CPU.ActiveCfg = Release|Any CPU
		{D70BA129-6261-4B85-937A-7E7BC4CB8A48}.Release|Any CPU.Build.0 = Release|Any CPU
		{3D39C89A-EB3A-43C4-9412-C26F42A6E52D}.Debug|Any CPU.ActiveCfg = Debug|Any CPU
		{3D39C89A-EB3A-43C4-9412-C26F42A6E52D}.Debug|Any CPU.Build.0 = Debug|Any CPU
		{3D39C89A-EB3A-43C4-9412-C26F42A6E52D}.Release|Any CPU.ActiveCfg = Release|Any CPU
		{3D39C89A-EB3A-43C4-9412-C26F42A6E52D}.Release|Any CPU.Build.0 = Release|Any CPU
		{4879ED1E-9FEA-4FC4-BDD8-3C02BDF5D5B1}.Debug|Any CPU.ActiveCfg = Debug|Any CPU
		{4879ED1E-9FEA-4FC4-BDD8-3C02BDF5D5B1}.Debug|Any CPU.Build.0 = Debug|Any CPU
		{4879ED1E-9FEA-4FC4-BDD8-3C02BDF5D5B1}.Release|Any CPU.ActiveCfg = Release|Any CPU
		{4879ED1E-9FEA-4FC4-BDD8-3C02BDF5D5B1}.Release|Any CPU.Build.0 = Release|Any CPU
		{5BE3C7B3-B0C3-4EBF-811F-32D3921400EB}.Debug|Any CPU.ActiveCfg = Debug|Any CPU
		{5BE3C7B3-B0C3-4EBF-811F-32D3921400EB}.Debug|Any CPU.Build.0 = Debug|Any CPU
		{5BE3C7B3-B0C3-4EBF-811F-32D3921400EB}.Release|Any CPU.ActiveCfg = Release|Any CPU
		{5BE3C7B3-B0C3-4EBF-811F-32D3921400EB}.Release|Any CPU.Build.0 = Release|Any CPU
		{83A89250-642B-43EF-8150-85FFD5F3AECC}.Debug|Any CPU.ActiveCfg = Debug|Any CPU
		{83A89250-642B-43EF-8150-85FFD5F3AECC}.Debug|Any CPU.Build.0 = Debug|Any CPU
		{83A89250-642B-43EF-8150-85FFD5F3AECC}.Release|Any CPU.ActiveCfg = Release|Any CPU
		{83A89250-642B-43EF-8150-85FFD5F3AECC}.Release|Any CPU.Build.0 = Release|Any CPU
		{8A1958F3-5C7B-4052-AC76-CAE30FF82D28}.Debug|Any CPU.ActiveCfg = Debug|Any CPU
		{8A1958F3-5C7B-4052-AC76-CAE30FF82D28}.Debug|Any CPU.Build.0 = Debug|Any CPU
		{8A1958F3-5C7B-4052-AC76-CAE30FF82D28}.Release|Any CPU.ActiveCfg = Release|Any CPU
		{8A1958F3-5C7B-4052-AC76-CAE30FF82D28}.Release|Any CPU.Build.0 = Release|Any CPU
		{D4870911-2DF7-4636-AAB9-BA27870D2838}.Debug|Any CPU.ActiveCfg = Debug|Any CPU
		{D4870911-2DF7-4636-AAB9-BA27870D2838}.Debug|Any CPU.Build.0 = Debug|Any CPU
		{D4870911-2DF7-4636-AAB9-BA27870D2838}.Release|Any CPU.ActiveCfg = Release|Any CPU
		{D4870911-2DF7-4636-AAB9-BA27870D2838}.Release|Any CPU.Build.0 = Release|Any CPU
		{280AD623-A4C2-4688-874F-7DCCE217B59A}.Debug|Any CPU.ActiveCfg = Debug|Any CPU
		{280AD623-A4C2-4688-874F-7DCCE217B59A}.Debug|Any CPU.Build.0 = Debug|Any CPU
		{280AD623-A4C2-4688-874F-7DCCE217B59A}.Release|Any CPU.ActiveCfg = Release|Any CPU
		{280AD623-A4C2-4688-874F-7DCCE217B59A}.Release|Any CPU.Build.0 = Release|Any CPU
		{576C1D11-49BA-4467-8BC4-E85DD882F4F9}.Debug|Any CPU.ActiveCfg = Debug|Any CPU
		{576C1D11-49BA-4467-8BC4-E85DD882F4F9}.Debug|Any CPU.Build.0 = Debug|Any CPU
		{576C1D11-49BA-4467-8BC4-E85DD882F4F9}.Release|Any CPU.ActiveCfg = Release|Any CPU
		{576C1D11-49BA-4467-8BC4-E85DD882F4F9}.Release|Any CPU.Build.0 = Release|Any CPU
	EndGlobalSection
	GlobalSection(SolutionProperties) = preSolution
		HideSolutionNode = FALSE
	EndGlobalSection
	GlobalSection(NestedProjects) = preSolution
		{A4FF9D7B-6D2E-4202-A455-BF2834A2CA9F} = {5517A8A3-B33E-4D76-8115-CE107C5C3A3D}
		{2EE96A5C-3464-4B40-B767-AE9F2354CB1C} = {5517A8A3-B33E-4D76-8115-CE107C5C3A3D}
		{17D8D8E9-FE2F-40BF-81AA-CCD020CFC6E1} = {5517A8A3-B33E-4D76-8115-CE107C5C3A3D}
		{0B81797B-9A48-44D2-9046-557C6C43BFAA} = {5517A8A3-B33E-4D76-8115-CE107C5C3A3D}
		{B61867F4-9629-49AC-AA09-CD9B0D45D93F} = {5517A8A3-B33E-4D76-8115-CE107C5C3A3D}
		{6EF8D8F9-4D35-4F1C-ADAC-1C37F2166133} = {5517A8A3-B33E-4D76-8115-CE107C5C3A3D}
		{92E2392E-5921-4852-B667-9989A5AC7497} = {5517A8A3-B33E-4D76-8115-CE107C5C3A3D}
		{27E9EE09-87AF-44A5-84B7-21E16B3A7C32} = {A1461315-C152-4461-9339-EA993FCF0F22}
		{31D26EE3-820E-4FAA-ABC3-12E1B9C28A1A} = {27E9EE09-87AF-44A5-84B7-21E16B3A7C32}
		{D70BA129-6261-4B85-937A-7E7BC4CB8A48} = {27E9EE09-87AF-44A5-84B7-21E16B3A7C32}
		{3D39C89A-EB3A-43C4-9412-C26F42A6E52D} = {27E9EE09-87AF-44A5-84B7-21E16B3A7C32}
		{4879ED1E-9FEA-4FC4-BDD8-3C02BDF5D5B1} = {27E9EE09-87AF-44A5-84B7-21E16B3A7C32}
		{524BA7E7-B6E5-48F7-943B-C7B66A36A653} = {A1461315-C152-4461-9339-EA993FCF0F22}
		{B22BA0F5-9575-4878-8B06-B9E1DED63A63} = {A1461315-C152-4461-9339-EA993FCF0F22}
		{5BE3C7B3-B0C3-4EBF-811F-32D3921400EB} = {524BA7E7-B6E5-48F7-943B-C7B66A36A653}
		{83A89250-642B-43EF-8150-85FFD5F3AECC} = {524BA7E7-B6E5-48F7-943B-C7B66A36A653}
		{8A1958F3-5C7B-4052-AC76-CAE30FF82D28} = {524BA7E7-B6E5-48F7-943B-C7B66A36A653}
		{D4870911-2DF7-4636-AAB9-BA27870D2838} = {B22BA0F5-9575-4878-8B06-B9E1DED63A63}
		{280AD623-A4C2-4688-874F-7DCCE217B59A} = {B22BA0F5-9575-4878-8B06-B9E1DED63A63}
		{576C1D11-49BA-4467-8BC4-E85DD882F4F9} = {27E9EE09-87AF-44A5-84B7-21E16B3A7C32}
	EndGlobalSection
	GlobalSection(ExtensibilityGlobals) = postSolution
		SolutionGuid = {BADF4019-7339-42AE-9158-B91690EE2B12}
	EndGlobalSection
EndGlobal
